// !$*UTF8*$!
{
	archiveVersion = 1;
	classes = {
	};
	objectVersion = 56;
	objects = {

/* Begin PBXBuildFile section */
		CC7881CA2A8020E70007AADE /* AppDelegate.swift in Sources */ = {isa = PBXBuildFile; fileRef = CC7881C92A8020E70007AADE /* AppDelegate.swift */; };
		CC7881CC2A8020E70007AADE /* SceneDelegate.swift in Sources */ = {isa = PBXBuildFile; fileRef = CC7881CB2A8020E70007AADE /* SceneDelegate.swift */; };
		CC7881CE2A8020E70007AADE /* ViewController.swift in Sources */ = {isa = PBXBuildFile; fileRef = CC7881CD2A8020E70007AADE /* ViewController.swift */; };
		CC7881D12A8020E70007AADE /* Main.storyboard in Resources */ = {isa = PBXBuildFile; fileRef = CC7881CF2A8020E70007AADE /* Main.storyboard */; };
		CC7881D32A8020E80007AADE /* Assets.xcassets in Resources */ = {isa = PBXBuildFile; fileRef = CC7881D22A8020E80007AADE /* Assets.xcassets */; };
		CC7881D62A8020E80007AADE /* LaunchScreen.storyboard in Resources */ = {isa = PBXBuildFile; fileRef = CC7881D42A8020E80007AADE /* LaunchScreen.storyboard */; };
		CC7881E12A8020E90007AADE /* iOS_UIKitTests.swift in Sources */ = {isa = PBXBuildFile; fileRef = CC7881E02A8020E90007AADE /* iOS_UIKitTests.swift */; };
		CC7881EB2A8020E90007AADE /* iOS_UIKitUITests.swift in Sources */ = {isa = PBXBuildFile; fileRef = CC7881EA2A8020E90007AADE /* iOS_UIKitUITests.swift */; };
		CC7881ED2A8020E90007AADE /* iOS_UIKitUITestsLaunchTests.swift in Sources */ = {isa = PBXBuildFile; fileRef = CC7881EC2A8020E90007AADE /* iOS_UIKitUITestsLaunchTests.swift */; };
/* End PBXBuildFile section */

/* Begin PBXContainerItemProxy section */
		CC7881DD2A8020E90007AADE /* PBXContainerItemProxy */ = {
			isa = PBXContainerItemProxy;
			containerPortal = CC7881BE2A8020E70007AADE /* Project object */;
			proxyType = 1;
			remoteGlobalIDString = CC7881C52A8020E70007AADE;
			remoteInfo = "iOS-UIKit";
		};
		CC7881E72A8020E90007AADE /* PBXContainerItemProxy */ = {
			isa = PBXContainerItemProxy;
			containerPortal = CC7881BE2A8020E70007AADE /* Project object */;
			proxyType = 1;
			remoteGlobalIDString = CC7881C52A8020E70007AADE;
			remoteInfo = "iOS-UIKit";
		};
/* End PBXContainerItemProxy section */

/* Begin PBXFileReference section */
		CC7881C62A8020E70007AADE /* iOS-UIKit.app */ = {isa = PBXFileReference; explicitFileType = wrapper.application; includeInIndex = 0; path = "iOS-UIKit.app"; sourceTree = BUILT_PRODUCTS_DIR; };
		CC7881C92A8020E70007AADE /* AppDelegate.swift */ = {isa = PBXFileReference; lastKnownFileType = sourcecode.swift; path = AppDelegate.swift; sourceTree = "<group>"; };
		CC7881CB2A8020E70007AADE /* SceneDelegate.swift */ = {isa = PBXFileReference; lastKnownFileType = sourcecode.swift; path = SceneDelegate.swift; sourceTree = "<group>"; };
		CC7881CD2A8020E70007AADE /* ViewController.swift */ = {isa = PBXFileReference; lastKnownFileType = sourcecode.swift; path = ViewController.swift; sourceTree = "<group>"; };
		CC7881D02A8020E70007AADE /* Base */ = {isa = PBXFileReference; lastKnownFileType = file.storyboard; name = Base; path = Base.lproj/Main.storyboard; sourceTree = "<group>"; };
		CC7881D22A8020E80007AADE /* Assets.xcassets */ = {isa = PBXFileReference; lastKnownFileType = folder.assetcatalog; path = Assets.xcassets; sourceTree = "<group>"; };
		CC7881D52A8020E80007AADE /* Base */ = {isa = PBXFileReference; lastKnownFileType = file.storyboard; name = Base; path = Base.lproj/LaunchScreen.storyboard; sourceTree = "<group>"; };
		CC7881D72A8020E80007AADE /* Info.plist */ = {isa = PBXFileReference; lastKnownFileType = text.plist.xml; path = Info.plist; sourceTree = "<group>"; };
		CC7881DC2A8020E90007AADE /* iOS-UIKitTests.xctest */ = {isa = PBXFileReference; explicitFileType = wrapper.cfbundle; includeInIndex = 0; path = "iOS-UIKitTests.xctest"; sourceTree = BUILT_PRODUCTS_DIR; };
		CC7881E02A8020E90007AADE /* iOS_UIKitTests.swift */ = {isa = PBXFileReference; lastKnownFileType = sourcecode.swift; path = iOS_UIKitTests.swift; sourceTree = "<group>"; };
		CC7881E62A8020E90007AADE /* iOS-UIKitUITests.xctest */ = {isa = PBXFileReference; explicitFileType = wrapper.cfbundle; includeInIndex = 0; path = "iOS-UIKitUITests.xctest"; sourceTree = BUILT_PRODUCTS_DIR; };
		CC7881EA2A8020E90007AADE /* iOS_UIKitUITests.swift */ = {isa = PBXFileReference; lastKnownFileType = sourcecode.swift; path = iOS_UIKitUITests.swift; sourceTree = "<group>"; };
		CC7881EC2A8020E90007AADE /* iOS_UIKitUITestsLaunchTests.swift */ = {isa = PBXFileReference; lastKnownFileType = sourcecode.swift; path = iOS_UIKitUITestsLaunchTests.swift; sourceTree = "<group>"; };
/* End PBXFileReference section */

/* Begin PBXFrameworksBuildPhase section */
		CC7881C32A8020E70007AADE /* Frameworks */ = {
			isa = PBXFrameworksBuildPhase;
			buildActionMask = 2147483647;
			files = (
			);
			runOnlyForDeploymentPostprocessing = 0;
		};
		CC7881D92A8020E90007AADE /* Frameworks */ = {
			isa = PBXFrameworksBuildPhase;
			buildActionMask = 2147483647;
			files = (
			);
			runOnlyForDeploymentPostprocessing = 0;
		};
		CC7881E32A8020E90007AADE /* Frameworks */ = {
			isa = PBXFrameworksBuildPhase;
			buildActionMask = 2147483647;
			files = (
			);
			runOnlyForDeploymentPostprocessing = 0;
		};
/* End PBXFrameworksBuildPhase section */

/* Begin PBXGroup section */
		CC7881BD2A8020E70007AADE = {
			isa = PBXGroup;
			children = (
				CC7881C82A8020E70007AADE /* iOS-UIKit */,
				CC7881DF2A8020E90007AADE /* iOS-UIKitTests */,
				CC7881E92A8020E90007AADE /* iOS-UIKitUITests */,
				CC7881C72A8020E70007AADE /* Products */,
			);
			sourceTree = "<group>";
		};
		CC7881C72A8020E70007AADE /* Products */ = {
			isa = PBXGroup;
			children = (
				CC7881C62A8020E70007AADE /* iOS-UIKit.app */,
				CC7881DC2A8020E90007AADE /* iOS-UIKitTests.xctest */,
				CC7881E62A8020E90007AADE /* iOS-UIKitUITests.xctest */,
			);
			name = Products;
			sourceTree = "<group>";
		};
		CC7881C82A8020E70007AADE /* iOS-UIKit */ = {
			isa = PBXGroup;
			children = (
				CC7881C92A8020E70007AADE /* AppDelegate.swift */,
				CC7881CB2A8020E70007AADE /* SceneDelegate.swift */,
				CC7881CD2A8020E70007AADE /* ViewController.swift */,
				CC7881CF2A8020E70007AADE /* Main.storyboard */,
				CC7881D22A8020E80007AADE /* Assets.xcassets */,
				CC7881D42A8020E80007AADE /* LaunchScreen.storyboard */,
				CC7881D72A8020E80007AADE /* Info.plist */,
			);
			path = "iOS-UIKit";
			sourceTree = "<group>";
		};
		CC7881DF2A8020E90007AADE /* iOS-UIKitTests */ = {
			isa = PBXGroup;
			children = (
				CC7881E02A8020E90007AADE /* iOS_UIKitTests.swift */,
			);
			path = "iOS-UIKitTests";
			sourceTree = "<group>";
		};
		CC7881E92A8020E90007AADE /* iOS-UIKitUITests */ = {
			isa = PBXGroup;
			children = (
				CC7881EA2A8020E90007AADE /* iOS_UIKitUITests.swift */,
				CC7881EC2A8020E90007AADE /* iOS_UIKitUITestsLaunchTests.swift */,
			);
			path = "iOS-UIKitUITests";
			sourceTree = "<group>";
		};
/* End PBXGroup section */

/* Begin PBXNativeTarget section */
		CC7881C52A8020E70007AADE /* iOS-UIKit */ = {
			isa = PBXNativeTarget;
			buildConfigurationList = CC7881F02A8020E90007AADE /* Build configuration list for PBXNativeTarget "iOS-UIKit" */;
			buildPhases = (
				CC7881C22A8020E70007AADE /* Sources */,
				CC7881C32A8020E70007AADE /* Frameworks */,
				CC7881C42A8020E70007AADE /* Resources */,
			);
			buildRules = (
			);
			dependencies = (
			);
			name = "iOS-UIKit";
			productName = "iOS-UIKit";
			productReference = CC7881C62A8020E70007AADE /* iOS-UIKit.app */;
			productType = "com.apple.product-type.application";
		};
		CC7881DB2A8020E90007AADE /* iOS-UIKitTests */ = {
			isa = PBXNativeTarget;
			buildConfigurationList = CC7881F32A8020E90007AADE /* Build configuration list for PBXNativeTarget "iOS-UIKitTests" */;
			buildPhases = (
				CC7881D82A8020E90007AADE /* Sources */,
				CC7881D92A8020E90007AADE /* Frameworks */,
				CC7881DA2A8020E90007AADE /* Resources */,
			);
			buildRules = (
			);
			dependencies = (
				CC7881DE2A8020E90007AADE /* PBXTargetDependency */,
			);
			name = "iOS-UIKitTests";
			productName = "iOS-UIKitTests";
			productReference = CC7881DC2A8020E90007AADE /* iOS-UIKitTests.xctest */;
			productType = "com.apple.product-type.bundle.unit-test";
		};
		CC7881E52A8020E90007AADE /* iOS-UIKitUITests */ = {
			isa = PBXNativeTarget;
			buildConfigurationList = CC7881F62A8020E90007AADE /* Build configuration list for PBXNativeTarget "iOS-UIKitUITests" */;
			buildPhases = (
				CC7881E22A8020E90007AADE /* Sources */,
				CC7881E32A8020E90007AADE /* Frameworks */,
				CC7881E42A8020E90007AADE /* Resources */,
			);
			buildRules = (
			);
			dependencies = (
				CC7881E82A8020E90007AADE /* PBXTargetDependency */,
			);
			name = "iOS-UIKitUITests";
			productName = "iOS-UIKitUITests";
			productReference = CC7881E62A8020E90007AADE /* iOS-UIKitUITests.xctest */;
			productType = "com.apple.product-type.bundle.ui-testing";
		};
/* End PBXNativeTarget section */

/* Begin PBXProject section */
		CC7881BE2A8020E70007AADE /* Project object */ = {
			isa = PBXProject;
			attributes = {
				BuildIndependentTargetsInParallel = 1;
				LastSwiftUpdateCheck = 1430;
				LastUpgradeCheck = 1430;
				TargetAttributes = {
					CC7881C52A8020E70007AADE = {
						CreatedOnToolsVersion = 14.3.1;
					};
					CC7881DB2A8020E90007AADE = {
						CreatedOnToolsVersion = 14.3.1;
						TestTargetID = CC7881C52A8020E70007AADE;
					};
					CC7881E52A8020E90007AADE = {
						CreatedOnToolsVersion = 14.3.1;
						TestTargetID = CC7881C52A8020E70007AADE;
					};
				};
			};
			buildConfigurationList = CC7881C12A8020E70007AADE /* Build configuration list for PBXProject "iOS-UIKit" */;
			compatibilityVersion = "Xcode 14.0";
			developmentRegion = en;
			hasScannedForEncodings = 0;
			knownRegions = (
				en,
				Base,
			);
			mainGroup = CC7881BD2A8020E70007AADE;
			productRefGroup = CC7881C72A8020E70007AADE /* Products */;
			projectDirPath = "";
			projectRoot = "";
			targets = (
				CC7881C52A8020E70007AADE /* iOS-UIKit */,
				CC7881DB2A8020E90007AADE /* iOS-UIKitTests */,
				CC7881E52A8020E90007AADE /* iOS-UIKitUITests */,
			);
		};
/* End PBXProject section */

/* Begin PBXResourcesBuildPhase section */
		CC7881C42A8020E70007AADE /* Resources */ = {
			isa = PBXResourcesBuildPhase;
			buildActionMask = 2147483647;
			files = (
				CC7881D62A8020E80007AADE /* LaunchScreen.storyboard in Resources */,
				CC7881D32A8020E80007AADE /* Assets.xcassets in Resources */,
				CC7881D12A8020E70007AADE /* Main.storyboard in Resources */,
			);
			runOnlyForDeploymentPostprocessing = 0;
		};
		CC7881DA2A8020E90007AADE /* Resources */ = {
			isa = PBXResourcesBuildPhase;
			buildActionMask = 2147483647;
			files = (
			);
			runOnlyForDeploymentPostprocessing = 0;
		};
		CC7881E42A8020E90007AADE /* Resources */ = {
			isa = PBXResourcesBuildPhase;
			buildActionMask = 2147483647;
			files = (
			);
			runOnlyForDeploymentPostprocessing = 0;
		};
/* End PBXResourcesBuildPhase section */

/* Begin PBXSourcesBuildPhase section */
		CC7881C22A8020E70007AADE /* Sources */ = {
			isa = PBXSourcesBuildPhase;
			buildActionMask = 2147483647;
			files = (
				CC7881CE2A8020E70007AADE /* ViewController.swift in Sources */,
				CC7881CA2A8020E70007AADE /* AppDelegate.swift in Sources */,
				CC7881CC2A8020E70007AADE /* SceneDelegate.swift in Sources */,
			);
			runOnlyForDeploymentPostprocessing = 0;
		};
		CC7881D82A8020E90007AADE /* Sources */ = {
			isa = PBXSourcesBuildPhase;
			buildActionMask = 2147483647;
			files = (
				CC7881E12A8020E90007AADE /* iOS_UIKitTests.swift in Sources */,
			);
			runOnlyForDeploymentPostprocessing = 0;
		};
		CC7881E22A8020E90007AADE /* Sources */ = {
			isa = PBXSourcesBuildPhase;
			buildActionMask = 2147483647;
			files = (
				CC7881EB2A8020E90007AADE /* iOS_UIKitUITests.swift in Sources */,
				CC7881ED2A8020E90007AADE /* iOS_UIKitUITestsLaunchTests.swift in Sources */,
			);
			runOnlyForDeploymentPostprocessing = 0;
		};
/* End PBXSourcesBuildPhase section */

/* Begin PBXTargetDependency section */
		CC7881DE2A8020E90007AADE /* PBXTargetDependency */ = {
			isa = PBXTargetDependency;
			target = CC7881C52A8020E70007AADE /* iOS-UIKit */;
			targetProxy = CC7881DD2A8020E90007AADE /* PBXContainerItemProxy */;
		};
		CC7881E82A8020E90007AADE /* PBXTargetDependency */ = {
			isa = PBXTargetDependency;
			target = CC7881C52A8020E70007AADE /* iOS-UIKit */;
			targetProxy = CC7881E72A8020E90007AADE /* PBXContainerItemProxy */;
		};
/* End PBXTargetDependency section */

/* Begin PBXVariantGroup section */
		CC7881CF2A8020E70007AADE /* Main.storyboard */ = {
			isa = PBXVariantGroup;
			children = (
				CC7881D02A8020E70007AADE /* Base */,
			);
			name = Main.storyboard;
			sourceTree = "<group>";
		};
		CC7881D42A8020E80007AADE /* LaunchScreen.storyboard */ = {
			isa = PBXVariantGroup;
			children = (
				CC7881D52A8020E80007AADE /* Base */,
			);
			name = LaunchScreen.storyboard;
			sourceTree = "<group>";
		};
/* End PBXVariantGroup section */

/* Begin XCBuildConfiguration section */
		CC7881EE2A8020E90007AADE /* Debug */ = {
			isa = XCBuildConfiguration;
			buildSettings = {
				ALWAYS_SEARCH_USER_PATHS = NO;
				CLANG_ANALYZER_NONNULL = YES;
				CLANG_ANALYZER_NUMBER_OBJECT_CONVERSION = YES_AGGRESSIVE;
				CLANG_CXX_LANGUAGE_STANDARD = "gnu++20";
				CLANG_ENABLE_MODULES = YES;
				CLANG_ENABLE_OBJC_ARC = YES;
				CLANG_ENABLE_OBJC_WEAK = YES;
				CLANG_WARN_BLOCK_CAPTURE_AUTORELEASING = YES;
				CLANG_WARN_BOOL_CONVERSION = YES;
				CLANG_WARN_COMMA = YES;
				CLANG_WARN_CONSTANT_CONVERSION = YES;
				CLANG_WARN_DEPRECATED_OBJC_IMPLEMENTATIONS = YES;
				CLANG_WARN_DIRECT_OBJC_ISA_USAGE = YES_ERROR;
				CLANG_WARN_DOCUMENTATION_COMMENTS = YES;
				CLANG_WARN_EMPTY_BODY = YES;
				CLANG_WARN_ENUM_CONVERSION = YES;
				CLANG_WARN_INFINITE_RECURSION = YES;
				CLANG_WARN_INT_CONVERSION = YES;
				CLANG_WARN_NON_LITERAL_NULL_CONVERSION = YES;
				CLANG_WARN_OBJC_IMPLICIT_RETAIN_SELF = YES;
				CLANG_WARN_OBJC_LITERAL_CONVERSION = YES;
				CLANG_WARN_OBJC_ROOT_CLASS = YES_ERROR;
				CLANG_WARN_QUOTED_INCLUDE_IN_FRAMEWORK_HEADER = YES;
				CLANG_WARN_RANGE_LOOP_ANALYSIS = YES;
				CLANG_WARN_STRICT_PROTOTYPES = YES;
				CLANG_WARN_SUSPICIOUS_MOVE = YES;
				CLANG_WARN_UNGUARDED_AVAILABILITY = YES_AGGRESSIVE;
				CLANG_WARN_UNREACHABLE_CODE = YES;
				CLANG_WARN__DUPLICATE_METHOD_MATCH = YES;
				COPY_PHASE_STRIP = NO;
				DEBUG_INFORMATION_FORMAT = dwarf;
				ENABLE_STRICT_OBJC_MSGSEND = YES;
				ENABLE_TESTABILITY = YES;
				GCC_C_LANGUAGE_STANDARD = gnu11;
				GCC_DYNAMIC_NO_PIC = NO;
				GCC_NO_COMMON_BLOCKS = YES;
				GCC_OPTIMIZATION_LEVEL = 0;
				GCC_PREPROCESSOR_DEFINITIONS = (
					"DEBUG=1",
					"$(inherited)",
				);
				GCC_WARN_64_TO_32_BIT_CONVERSION = YES;
				GCC_WARN_ABOUT_RETURN_TYPE = YES_ERROR;
				GCC_WARN_UNDECLARED_SELECTOR = YES;
				GCC_WARN_UNINITIALIZED_AUTOS = YES_AGGRESSIVE;
				GCC_WARN_UNUSED_FUNCTION = YES;
				GCC_WARN_UNUSED_VARIABLE = YES;
				IPHONEOS_DEPLOYMENT_TARGET = 16.4;
				MTL_ENABLE_DEBUG_INFO = INCLUDE_SOURCE;
				MTL_FAST_MATH = YES;
				ONLY_ACTIVE_ARCH = YES;
				SDKROOT = iphoneos;
				SWIFT_ACTIVE_COMPILATION_CONDITIONS = DEBUG;
				SWIFT_OPTIMIZATION_LEVEL = "-Onone";
			};
			name = Debug;
		};
		CC7881EF2A8020E90007AADE /* Release */ = {
			isa = XCBuildConfiguration;
			buildSettings = {
				ALWAYS_SEARCH_USER_PATHS = NO;
				CLANG_ANALYZER_NONNULL = YES;
				CLANG_ANALYZER_NUMBER_OBJECT_CONVERSION = YES_AGGRESSIVE;
				CLANG_CXX_LANGUAGE_STANDARD = "gnu++20";
				CLANG_ENABLE_MODULES = YES;
				CLANG_ENABLE_OBJC_ARC = YES;
				CLANG_ENABLE_OBJC_WEAK = YES;
				CLANG_WARN_BLOCK_CAPTURE_AUTORELEASING = YES;
				CLANG_WARN_BOOL_CONVERSION = YES;
				CLANG_WARN_COMMA = YES;
				CLANG_WARN_CONSTANT_CONVERSION = YES;
				CLANG_WARN_DEPRECATED_OBJC_IMPLEMENTATIONS = YES;
				CLANG_WARN_DIRECT_OBJC_ISA_USAGE = YES_ERROR;
				CLANG_WARN_DOCUMENTATION_COMMENTS = YES;
				CLANG_WARN_EMPTY_BODY = YES;
				CLANG_WARN_ENUM_CONVERSION = YES;
				CLANG_WARN_INFINITE_RECURSION = YES;
				CLANG_WARN_INT_CONVERSION = YES;
				CLANG_WARN_NON_LITERAL_NULL_CONVERSION = YES;
				CLANG_WARN_OBJC_IMPLICIT_RETAIN_SELF = YES;
				CLANG_WARN_OBJC_LITERAL_CONVERSION = YES;
				CLANG_WARN_OBJC_ROOT_CLASS = YES_ERROR;
				CLANG_WARN_QUOTED_INCLUDE_IN_FRAMEWORK_HEADER = YES;
				CLANG_WARN_RANGE_LOOP_ANALYSIS = YES;
				CLANG_WARN_STRICT_PROTOTYPES = YES;
				CLANG_WARN_SUSPICIOUS_MOVE = YES;
				CLANG_WARN_UNGUARDED_AVAILABILITY = YES_AGGRESSIVE;
				CLANG_WARN_UNREACHABLE_CODE = YES;
				CLANG_WARN__DUPLICATE_METHOD_MATCH = YES;
				COPY_PHASE_STRIP = NO;
				DEBUG_INFORMATION_FORMAT = "dwarf-with-dsym";
				ENABLE_NS_ASSERTIONS = NO;
				ENABLE_STRICT_OBJC_MSGSEND = YES;
				GCC_C_LANGUAGE_STANDARD = gnu11;
				GCC_NO_COMMON_BLOCKS = YES;
				GCC_WARN_64_TO_32_BIT_CONVERSION = YES;
				GCC_WARN_ABOUT_RETURN_TYPE = YES_ERROR;
				GCC_WARN_UNDECLARED_SELECTOR = YES;
				GCC_WARN_UNINITIALIZED_AUTOS = YES_AGGRESSIVE;
				GCC_WARN_UNUSED_FUNCTION = YES;
				GCC_WARN_UNUSED_VARIABLE = YES;
				IPHONEOS_DEPLOYMENT_TARGET = 16.4;
				MTL_ENABLE_DEBUG_INFO = NO;
				MTL_FAST_MATH = YES;
				SDKROOT = iphoneos;
				SWIFT_COMPILATION_MODE = wholemodule;
				SWIFT_OPTIMIZATION_LEVEL = "-O";
				VALIDATE_PRODUCT = YES;
			};
			name = Release;
		};
		CC7881F12A8020E90007AADE /* Debug */ = {
			isa = XCBuildConfiguration;
			buildSettings = {
				ASSETCATALOG_COMPILER_APPICON_NAME = AppIcon;
				ASSETCATALOG_COMPILER_GLOBAL_ACCENT_COLOR_NAME = AccentColor;
				CODE_SIGN_STYLE = Automatic;
				CURRENT_PROJECT_VERSION = 1;
				GENERATE_INFOPLIST_FILE = YES;
				INFOPLIST_FILE = "iOS-UIKit/Info.plist";
				INFOPLIST_KEY_UIApplicationSupportsIndirectInputEvents = YES;
				INFOPLIST_KEY_UILaunchStoryboardName = LaunchScreen;
				INFOPLIST_KEY_UIMainStoryboardFile = Main;
				INFOPLIST_KEY_UISupportedInterfaceOrientations_iPad = "UIInterfaceOrientationPortrait UIInterfaceOrientationPortraitUpsideDown UIInterfaceOrientationLandscapeLeft UIInterfaceOrientationLandscapeRight";
				INFOPLIST_KEY_UISupportedInterfaceOrientations_iPhone = "UIInterfaceOrientationPortrait UIInterfaceOrientationLandscapeLeft UIInterfaceOrientationLandscapeRight";
				LD_RUNPATH_SEARCH_PATHS = (
					"$(inherited)",
					"@executable_path/Frameworks",
				);
				MARKETING_VERSION = 1.0;
				PRODUCT_BUNDLE_IDENTIFIER = "study.iOS-UIKit";
				PRODUCT_NAME = "$(TARGET_NAME)";
				SWIFT_EMIT_LOC_STRINGS = YES;
				SWIFT_VERSION = 5.0;
				TARGETED_DEVICE_FAMILY = "1,2";
			};
			name = Debug;
		};
		CC7881F22A8020E90007AADE /* Release */ = {
			isa = XCBuildConfiguration;
			buildSettings = {
				ASSETCATALOG_COMPILER_APPICON_NAME = AppIcon;
				ASSETCATALOG_COMPILER_GLOBAL_ACCENT_COLOR_NAME = AccentColor;
				CODE_SIGN_STYLE = Automatic;
				CURRENT_PROJECT_VERSION = 1;
				GENERATE_INFOPLIST_FILE = YES;
				INFOPLIST_FILE = "iOS-UIKit/Info.plist";
				INFOPLIST_KEY_UIApplicationSupportsIndirectInputEvents = YES;
				INFOPLIST_KEY_UILaunchStoryboardName = LaunchScreen;
				INFOPLIST_KEY_UIMainStoryboardFile = Main;
				INFOPLIST_KEY_UISupportedInterfaceOrientations_iPad = "UIInterfaceOrientationPortrait UIInterfaceOrientationPortraitUpsideDown UIInterfaceOrientationLandscapeLeft UIInterfaceOrientationLandscapeRight";
				INFOPLIST_KEY_UISupportedInterfaceOrientations_iPhone = "UIInterfaceOrientationPortrait UIInterfaceOrientationLandscapeLeft UIInterfaceOrientationLandscapeRight";
				LD_RUNPATH_SEARCH_PATHS = (
					"$(inherited)",
					"@executable_path/Frameworks",
				);
				MARKETING_VERSION = 1.0;
				PRODUCT_BUNDLE_IDENTIFIER = "study.iOS-UIKit";
				PRODUCT_NAME = "$(TARGET_NAME)";
				SWIFT_EMIT_LOC_STRINGS = YES;
				SWIFT_VERSION = 5.0;
				TARGETED_DEVICE_FAMILY = "1,2";
			};
			name = Release;
		};
		CC7881F42A8020E90007AADE /* Debug */ = {
			isa = XCBuildConfiguration;
			buildSettings = {
				ALWAYS_EMBED_SWIFT_STANDARD_LIBRARIES = YES;
				BUNDLE_LOADER = "$(TEST_HOST)";
				CODE_SIGN_STYLE = Automatic;
				CURRENT_PROJECT_VERSION = 1;
				GENERATE_INFOPLIST_FILE = YES;
				IPHONEOS_DEPLOYMENT_TARGET = 16.4;
				MARKETING_VERSION = 1.0;
				PRODUCT_BUNDLE_IDENTIFIER = "study.iOS-UIKitTests";
				PRODUCT_NAME = "$(TARGET_NAME)";
				SWIFT_EMIT_LOC_STRINGS = NO;
				SWIFT_VERSION = 5.0;
				TARGETED_DEVICE_FAMILY = "1,2";
				TEST_HOST = "$(BUILT_PRODUCTS_DIR)/iOS-UIKit.app/$(BUNDLE_EXECUTABLE_FOLDER_PATH)/iOS-UIKit";
			};
			name = Debug;
		};
		CC7881F52A8020E90007AADE /* Release */ = {
			isa = XCBuildConfiguration;
			buildSettings = {
				ALWAYS_EMBED_SWIFT_STANDARD_LIBRARIES = YES;
				BUNDLE_LOADER = "$(TEST_HOST)";
				CODE_SIGN_STYLE = Automatic;
				CURRENT_PROJECT_VERSION = 1;
				GENERATE_INFOPLIST_FILE = YES;
				IPHONEOS_DEPLOYMENT_TARGET = 16.4;
				MARKETING_VERSION = 1.0;
				PRODUCT_BUNDLE_IDENTIFIER = "study.iOS-UIKitTests";
				PRODUCT_NAME = "$(TARGET_NAME)";
				SWIFT_EMIT_LOC_STRINGS = NO;
				SWIFT_VERSION = 5.0;
				TARGETED_DEVICE_FAMILY = "1,2";
				TEST_HOST = "$(BUILT_PRODUCTS_DIR)/iOS-UIKit.app/$(BUNDLE_EXECUTABLE_FOLDER_PATH)/iOS-UIKit";
			};
			name = Release;
		};
		CC7881F72A8020E90007AADE /* Debug */ = {
			isa = XCBuildConfiguration;
			buildSettings = {
				ALWAYS_EMBED_SWIFT_STANDARD_LIBRARIES = YES;
				CODE_SIGN_STYLE = Automatic;
				CURRENT_PROJECT_VERSION = 1;
				GENERATE_INFOPLIST_FILE = YES;
				MARKETING_VERSION = 1.0;
				PRODUCT_BUNDLE_IDENTIFIER = "study.iOS-UIKitUITests";
				PRODUCT_NAME = "$(TARGET_NAME)";
				SWIFT_EMIT_LOC_STRINGS = NO;
				SWIFT_VERSION = 5.0;
				TARGETED_DEVICE_FAMILY = "1,2";
				TEST_TARGET_NAME = "iOS-UIKit";
			};
			name = Debug;
		};
		CC7881F82A8020E90007AADE /* Release */ = {
			isa = XCBuildConfiguration;
			buildSettings = {
				ALWAYS_EMBED_SWIFT_STANDARD_LIBRARIES = YES;
				CODE_SIGN_STYLE = Automatic;
				CURRENT_PROJECT_VERSION = 1;
				GENERATE_INFOPLIST_FILE = YES;
				MARKETING_VERSION = 1.0;
				PRODUCT_BUNDLE_IDENTIFIER = "study.iOS-UIKitUITests";
				PRODUCT_NAME = "$(TARGET_NAME)";
				SWIFT_EMIT_LOC_STRINGS = NO;
				SWIFT_VERSION = 5.0;
				TARGETED_DEVICE_FAMILY = "1,2";
				TEST_TARGET_NAME = "iOS-UIKit";
			};
			name = Release;
		};
/* End XCBuildConfiguration section */

/* Begin XCConfigurationList section */
		CC7881C12A8020E70007AADE /* Build configuration list for PBXProject "iOS-UIKit" */ = {
			isa = XCConfigurationList;
			buildConfigurations = (
				CC7881EE2A8020E90007AADE /* Debug */,
				CC7881EF2A8020E90007AADE /* Release */,
			);
			defaultConfigurationIsVisible = 0;
			defaultConfigurationName = Release;
		};
		CC7881F02A8020E90007AADE /* Build configuration list for PBXNativeTarget "iOS-UIKit" */ = {
			isa = XCConfigurationList;
			buildConfigurations = (
				CC7881F12A8020E90007AADE /* Debug */,
				CC7881F22A8020E90007AADE /* Release */,
			);
			defaultConfigurationIsVisible = 0;
			defaultConfigurationName = Release;
		};
		CC7881F32A8020E90007AADE /* Build configuration list for PBXNativeTarget "iOS-UIKitTests" */ = {
			isa = XCConfigurationList;
			buildConfigurations = (
				CC7881F42A8020E90007AADE /* Debug */,
				CC7881F52A8020E90007AADE /* Release */,
			);
			defaultConfigurationIsVisible = 0;
			defaultConfigurationName = Release;
		};
		CC7881F62A8020E90007AADE /* Build configuration list for PBXNativeTarget "iOS-UIKitUITests" */ = {
			isa = XCConfigurationList;
			buildConfigurations = (
				CC7881F72A8020E90007AADE /* Debug */,
				CC7881F82A8020E90007AADE /* Release */,
			);
			defaultConfigurationIsVisible = 0;
			defaultConfigurationName = Release;
		};
/* End XCConfigurationList section */
	};
	rootObject = CC7881BE2A8020E70007AADE /* Project object */;
}
